
Microsoft Visual Studio Solution File, Format Version 12.00
# Visual Studio Version 17
VisualStudioVersion = 17.0.32112.339
MinimumVisualStudioVersion = 10.0.40219.1
Project("{FAE04EC0-301F-11D3-BF4B-00C04F79EFBC}") = "MonitoringService", "MonitoringService\MonitoringService.csproj", "{8BCF3F2F-BD78-4BEF-A81E-0EA67057A3A4}"
EndProject
Global
	GlobalSection(SolutionConfigurationPlatforms) = preSolution
		Debug|Any CPU = Debug|Any CPU
		Release|Any CPU = Release|Any CPU
	EndGlobalSection
	GlobalSection(ProjectConfigurationPlatforms) = postSolution
		{8BCF3F2F-BD78-4BEF-A81E-0EA67057A3A4}.Debug|Any CPU.ActiveCfg = Debug|Any CPU
		{8BCF3F2F-BD78-4BEF-A81E-0EA67057A3A4}.Debug|Any CPU.Build.0 = Debug|Any CPU
		{8BCF3F2F-BD78-4BEF-A81E-0EA67057A3A4}.Release|Any CPU.ActiveCfg = Release|Any CPU
		{8BCF3F2F-BD78-4BEF-A81E-0EA67057A3A4}.Release|Any CPU.Build.0 = Release|Any CPU
	EndGlobalSection
	GlobalSection(SolutionProperties) = preSolution
		HideSolutionNode = FALSE
	EndGlobalSection
	GlobalSection(ExtensibilityGlobals) = postSolution
		SolutionGuid = {E46EDF3D-C770-480C-86F1-B82DDB1ACC5F}
	EndGlobalSection
EndGlobal
